{
    "version": 3,
    "terraform_version": "0.11.10",
    "serial": 19,
    "lineage": "88e8fedb-694a-897f-d586-46fceca4c975",
    "modules": [
        {
            "path": [
                "root"
            ],
            "outputs": {},
            "resources": {
                "aws_db_subnet_group.db-subnetgroup": {
                    "type": "aws_db_subnet_group",
                    "depends_on": [
                        "aws_subnet.private1",
                        "aws_subnet.private2"
                    ],
                    "primary": {
                        "id": "studentapp-rds-sg",
                        "attributes": {
                            "arn": "arn:aws:rds:us-east-1:973714476881:subgrp:studentapp-rds-sg",
                            "description": "Managed by Terraform",
                            "id": "studentapp-rds-sg",
                            "name": "studentapp-rds-sg",
                            "subnet_ids.#": "2",
                            "subnet_ids.2763305231": "subnet-0ece119a3fbead7b7",
                            "subnet_ids.810289884": "subnet-01df24fc82bd1dc4a",
                            "tags.%": "1",
                            "tags.Name": "Studentapp-Subnetgroup"
                        },
                        "meta": {},
                        "tainted": false
                    },
                    "deposed": [],
                    "provider": "provider.aws"
                },
                "aws_instance.node1": {
                    "type": "aws_instance",
                    "depends_on": [
                        "aws_security_group.ec2sg",
                        "aws_subnet.public1"
                    ],
                    "primary": {
                        "id": "i-015d425a312ab852c",
                        "attributes": {
                            "ami": "ami-094161bf15ab55a9c",
                            "arn": "arn:aws:ec2:us-east-1:973714476881:instance/i-015d425a312ab852c",
                            "associate_public_ip_address": "true",
                            "availability_zone": "us-east-1a",
                            "cpu_core_count": "1",
                            "cpu_threads_per_core": "1",
                            "credit_specification.#": "1",
                            "credit_specification.0.cpu_credits": "standard",
                            "disable_api_termination": "false",
                            "ebs_block_device.#": "0",
                            "ebs_optimized": "false",
                            "ephemeral_block_device.#": "0",
                            "get_password_data": "false",
                            "iam_instance_profile": "",
                            "id": "i-015d425a312ab852c",
                            "instance_state": "running",
                            "instance_type": "t2.micro",
                            "ipv6_addresses.#": "0",
                            "key_name": "devops",
                            "monitoring": "false",
                            "network_interface.#": "0",
                            "network_interface_id": "eni-0661345e055b37bfb",
                            "password_data": "",
                            "placement_group": "",
                            "primary_network_interface_id": "eni-0661345e055b37bfb",
                            "private_dns": "ip-10-0-1-94.ec2.internal",
                            "private_ip": "10.0.1.94",
                            "public_dns": "",
                            "public_ip": "35.175.151.118",
                            "root_block_device.#": "1",
                            "root_block_device.0.delete_on_termination": "true",
                            "root_block_device.0.iops": "100",
                            "root_block_device.0.volume_id": "vol-0b87303cadc27e7c6",
                            "root_block_device.0.volume_size": "8",
                            "root_block_device.0.volume_type": "gp2",
                            "security_groups.#": "0",
                            "source_dest_check": "true",
                            "subnet_id": "subnet-0c929c1d58a2a1a03",
                            "tags.%": "1",
                            "tags.Name": "Node1",
                            "tenancy": "default",
                            "volume_tags.%": "0",
                            "vpc_security_group_ids.#": "1",
                            "vpc_security_group_ids.3880936644": "sg-0970aff71c4fa2c19"
                        },
                        "meta": {
                            "e2bfb730-ecaa-11e6-8f88-34363bc7c4c0": {
                                "create": 600000000000,
                                "delete": 1200000000000,
                                "update": 600000000000
                            },
                            "schema_version": "1"
                        },
                        "tainted": false
                    },
                    "deposed": [],
                    "provider": "provider.aws"
                },
                "aws_instance.node2": {
                    "type": "aws_instance",
                    "depends_on": [
                        "aws_security_group.ec2sg",
                        "aws_subnet.public2"
                    ],
                    "primary": {
                        "id": "i-0a902fb9de1776375",
                        "attributes": {
                            "ami": "ami-094161bf15ab55a9c",
                            "arn": "arn:aws:ec2:us-east-1:973714476881:instance/i-0a902fb9de1776375",
                            "associate_public_ip_address": "true",
                            "availability_zone": "us-east-1b",
                            "cpu_core_count": "1",
                            "cpu_threads_per_core": "1",
                            "credit_specification.#": "1",
                            "credit_specification.0.cpu_credits": "standard",
                            "disable_api_termination": "false",
                            "ebs_block_device.#": "0",
                            "ebs_optimized": "false",
                            "ephemeral_block_device.#": "0",
                            "get_password_data": "false",
                            "iam_instance_profile": "",
                            "id": "i-0a902fb9de1776375",
                            "instance_state": "running",
                            "instance_type": "t2.micro",
                            "ipv6_addresses.#": "0",
                            "key_name": "devops",
                            "monitoring": "false",
                            "network_interface.#": "0",
                            "network_interface_id": "eni-0b4a8f1d7ed603114",
                            "password_data": "",
                            "placement_group": "",
                            "primary_network_interface_id": "eni-0b4a8f1d7ed603114",
                            "private_dns": "ip-10-0-2-230.ec2.internal",
                            "private_ip": "10.0.2.230",
                            "public_dns": "",
                            "public_ip": "34.228.40.30",
                            "root_block_device.#": "1",
                            "root_block_device.0.delete_on_termination": "true",
                            "root_block_device.0.iops": "100",
                            "root_block_device.0.volume_id": "vol-0374a2b0f2a64f46b",
                            "root_block_device.0.volume_size": "8",
                            "root_block_device.0.volume_type": "gp2",
                            "security_groups.#": "0",
                            "source_dest_check": "true",
                            "subnet_id": "subnet-07ae3fb36bda9078d",
                            "tags.%": "1",
                            "tags.Name": "Node2",
                            "tenancy": "default",
                            "volume_tags.%": "0",
                            "vpc_security_group_ids.#": "1",
                            "vpc_security_group_ids.3880936644": "sg-0970aff71c4fa2c19"
                        },
                        "meta": {
                            "e2bfb730-ecaa-11e6-8f88-34363bc7c4c0": {
                                "create": 600000000000,
                                "delete": 1200000000000,
                                "update": 600000000000
                            },
                            "schema_version": "1"
                        },
                        "tainted": false
                    },
                    "deposed": [],
                    "provider": "provider.aws"
                },
                "aws_internet_gateway.student-igw": {
                    "type": "aws_internet_gateway",
                    "depends_on": [
                        "aws_vpc.student-vpc"
                    ],
                    "primary": {
                        "id": "igw-0e0ec11eefd5c205f",
                        "attributes": {
                            "id": "igw-0e0ec11eefd5c205f",
                            "tags.%": "1",
                            "tags.Name": "Student-IGW",
                            "vpc_id": "vpc-03903849ff045b361"
                        },
                        "meta": {},
                        "tainted": false
                    },
                    "deposed": [],
                    "provider": "provider.aws"
                },
                "aws_route.publicrtb-igw": {
                    "type": "aws_route",
                    "depends_on": [
                        "aws_internet_gateway.student-igw",
                        "aws_route_table.publicrtb"
                    ],
                    "primary": {
                        "id": "r-rtb-0c3552e3e977f10d21080289494",
                        "attributes": {
                            "destination_cidr_block": "0.0.0.0/0",
                            "destination_prefix_list_id": "",
                            "egress_only_gateway_id": "",
                            "gateway_id": "igw-0e0ec11eefd5c205f",
                            "id": "r-rtb-0c3552e3e977f10d21080289494",
                            "instance_id": "",
                            "instance_owner_id": "",
                            "nat_gateway_id": "",
                            "network_interface_id": "",
                            "origin": "CreateRoute",
                            "route_table_id": "rtb-0c3552e3e977f10d2",
                            "state": "active",
                            "vpc_peering_connection_id": ""
                        },
                        "meta": {
                            "e2bfb730-ecaa-11e6-8f88-34363bc7c4c0": {
                                "create": 120000000000,
                                "delete": 300000000000
                            }
                        },
                        "tainted": false
                    },
                    "deposed": [],
                    "provider": "provider.aws"
                },
                "aws_route_table.privatertb": {
                    "type": "aws_route_table",
                    "depends_on": [
                        "aws_vpc.student-vpc"
                    ],
                    "primary": {
                        "id": "rtb-0a2a0e2b1f0d4c1f2",
                        "attributes": {
                            "id": "rtb-0a2a0e2b1f0d4c1f2",
                            "propagating_vgws.#": "0",
                            "route.#": "0",
                            "tags.%": "1",
                            "tags.Name": "Private-RT",
                            "vpc_id": "vpc-03903849ff045b361"
                        },
                        "meta": {},
                        "tainted": false
                    },
                    "deposed": [],
                    "provider": "provider.aws"
                },
                "aws_route_table.publicrtb": {
                    "type": "aws_route_table",
                    "depends_on": [
                        "aws_vpc.student-vpc"
                    ],
                    "primary": {
                        "id": "rtb-0c3552e3e977f10d2",
                        "attributes": {
                            "id": "rtb-0c3552e3e977f10d2",
                            "propagating_vgws.#": "0",
                            "route.#": "0",
                            "tags.%": "1",
                            "tags.Name": "Public-RT",
                            "vpc_id": "vpc-03903849ff045b361"
                        },
                        "meta": {},
                        "tainted": false
                    },
                    "deposed": [],
                    "provider": "provider.aws"
                },
                "aws_route_table_association.priv1-rtb-assoc": {
                    "type": "aws_route_table_association",
                    "depends_on": [
                        "aws_route_table.privatertb",
                        "aws_subnet.private1"
                    ],
                    "primary": {
                        "id": "rtbassoc-0f88d4ed2f1192da0",
                        "attributes": {
                            "id": "rtbassoc-0f88d4ed2f1192da0",
                            "route_table_id": "rtb-0a2a0e2b1f0d4c1f2",
                            "subnet_id": "subnet-0ece119a3fbead7b7"
                        },
                        "meta": {},
                        "tainted": false
                    },
                    "deposed": [],
                    "provider": "provider.aws"
                },
                "aws_route_table_association.priv2-rtb-assoc": {
                    "type": "aws_route_table_association",
                    "depends_on": [
                        "aws_route_table.privatertb",
                        "aws_subnet.private2"
                    ],
                    "primary": {
                        "id": "rtbassoc-0162c11a880b09f2e",
                        "attributes": {
                            "id": "rtbassoc-0162c11a880b09f2e",
                            "route_table_id": "rtb-0a2a0e2b1f0d4c1f2",
                            "subnet_id": "subnet-01df24fc82bd1dc4a"
                        },
                        "meta": {},
                        "tainted": false
                    },
                    "deposed": [],
                    "provider": "provider.aws"
                },
                "aws_route_table_association.pub1-rtb-assoc": {
                    "type": "aws_route_table_association",
                    "depends_on": [
                        "aws_route_table.publicrtb",
                        "aws_subnet.public1"
                    ],
                    "primary": {
                        "id": "rtbassoc-0f38fd277322b730d",
                        "attributes": {
                            "id": "rtbassoc-0f38fd277322b730d",
                            "route_table_id": "rtb-0c3552e3e977f10d2",
                            "subnet_id": "subnet-0c929c1d58a2a1a03"
                        },
                        "meta": {},
                        "tainted": false
                    },
                    "deposed": [],
                    "provider": "provider.aws"
                },
                "aws_route_table_association.pub2-rtb-assoc": {
                    "type": "aws_route_table_association",
                    "depends_on": [
                        "aws_route_table.publicrtb",
                        "aws_subnet.public2"
                    ],
                    "primary": {
                        "id": "rtbassoc-0179ca66e32685c6d",
                        "attributes": {
                            "id": "rtbassoc-0179ca66e32685c6d",
                            "route_table_id": "rtb-0c3552e3e977f10d2",
                            "subnet_id": "subnet-07ae3fb36bda9078d"
                        },
                        "meta": {},
                        "tainted": false
                    },
                    "deposed": [],
                    "provider": "provider.aws"
                },
                "aws_security_group.ec2sg": {
                    "type": "aws_security_group",
                    "depends_on": [
                        "aws_vpc.student-vpc"
                    ],
                    "primary": {
                        "id": "sg-0970aff71c4fa2c19",
                        "attributes": {
                            "arn": "arn:aws:ec2:us-east-1:973714476881:security-group/sg-0970aff71c4fa2c19",
                            "description": "EC2 StudentApp Security Group",
                            "egress.#": "1",
                            "egress.482069346.cidr_blocks.#": "1",
                            "egress.482069346.cidr_blocks.0": "0.0.0.0/0",
                            "egress.482069346.description": "",
                            "egress.482069346.from_port": "0",
                            "egress.482069346.ipv6_cidr_blocks.#": "0",
                            "egress.482069346.prefix_list_ids.#": "0",
                            "egress.482069346.protocol": "-1",
                            "egress.482069346.security_groups.#": "0",
                            "egress.482069346.self": "false",
                            "egress.482069346.to_port": "0",
                            "id": "sg-0970aff71c4fa2c19",
                            "ingress.#": "3",
                            "ingress.2214680975.cidr_blocks.#": "1",
                            "ingress.2214680975.cidr_blocks.0": "0.0.0.0/0",
                            "ingress.2214680975.description": "",
                            "ingress.2214680975.from_port": "80",
                            "ingress.2214680975.ipv6_cidr_blocks.#": "0",
                            "ingress.2214680975.prefix_list_ids.#": "0",
                            "ingress.2214680975.protocol": "tcp",
                            "ingress.2214680975.security_groups.#": "0",
                            "ingress.2214680975.self": "false",
                            "ingress.2214680975.to_port": "80",
                            "ingress.2541437006.cidr_blocks.#": "1",
                            "ingress.2541437006.cidr_blocks.0": "0.0.0.0/0",
                            "ingress.2541437006.description": "",
                            "ingress.2541437006.from_port": "22",
                            "ingress.2541437006.ipv6_cidr_blocks.#": "0",
                            "ingress.2541437006.prefix_list_ids.#": "0",
                            "ingress.2541437006.protocol": "tcp",
                            "ingress.2541437006.security_groups.#": "0",
                            "ingress.2541437006.self": "false",
                            "ingress.2541437006.to_port": "22",
                            "ingress.516175195.cidr_blocks.#": "1",
                            "ingress.516175195.cidr_blocks.0": "0.0.0.0/0",
                            "ingress.516175195.description": "",
                            "ingress.516175195.from_port": "8080",
                            "ingress.516175195.ipv6_cidr_blocks.#": "0",
                            "ingress.516175195.prefix_list_ids.#": "0",
                            "ingress.516175195.protocol": "tcp",
                            "ingress.516175195.security_groups.#": "0",
                            "ingress.516175195.self": "false",
                            "ingress.516175195.to_port": "8080",
                            "name": "EC2-StudentApp-SG",
                            "owner_id": "973714476881",
                            "revoke_rules_on_delete": "false",
                            "tags.%": "1",
                            "tags.Name": "EC2-StudentApp-SG",
                            "vpc_id": "vpc-03903849ff045b361"
                        },
                        "meta": {
                            "e2bfb730-ecaa-11e6-8f88-34363bc7c4c0": {
                                "create": 600000000000,
                                "delete": 600000000000
                            },
                            "schema_version": "1"
                        },
                        "tainted": false
                    },
                    "deposed": [],
                    "provider": "provider.aws"
                },
                "aws_security_group.rdssg": {
                    "type": "aws_security_group",
                    "depends_on": [
                        "aws_vpc.student-vpc"
                    ],
                    "primary": {
                        "id": "sg-08c2cb8b220cf677a",
                        "attributes": {
                            "arn": "arn:aws:ec2:us-east-1:973714476881:security-group/sg-08c2cb8b220cf677a",
                            "description": "RDS StudentApp Security Group",
                            "egress.#": "1",
                            "egress.482069346.cidr_blocks.#": "1",
                            "egress.482069346.cidr_blocks.0": "0.0.0.0/0",
                            "egress.482069346.description": "",
                            "egress.482069346.from_port": "0",
                            "egress.482069346.ipv6_cidr_blocks.#": "0",
                            "egress.482069346.prefix_list_ids.#": "0",
                            "egress.482069346.protocol": "-1",
                            "egress.482069346.security_groups.#": "0",
                            "egress.482069346.self": "false",
                            "egress.482069346.to_port": "0",
                            "id": "sg-08c2cb8b220cf677a",
                            "ingress.#": "1",
                            "ingress.2938088484.cidr_blocks.#": "1",
                            "ingress.2938088484.cidr_blocks.0": "10.0.0.0/16",
                            "ingress.2938088484.description": "",
                            "ingress.2938088484.from_port": "3306",
                            "ingress.2938088484.ipv6_cidr_blocks.#": "0",
                            "ingress.2938088484.prefix_list_ids.#": "0",
                            "ingress.2938088484.protocol": "tcp",
                            "ingress.2938088484.security_groups.#": "0",
                            "ingress.2938088484.self": "false",
                            "ingress.2938088484.to_port": "3306",
                            "name": "RDS-StudentApp-SG",
                            "owner_id": "973714476881",
                            "revoke_rules_on_delete": "false",
                            "tags.%": "1",
                            "tags.Name": "RDS-StudentApp-SG",
                            "vpc_id": "vpc-03903849ff045b361"
                        },
                        "meta": {
                            "e2bfb730-ecaa-11e6-8f88-34363bc7c4c0": {
                                "create": 600000000000,
                                "delete": 600000000000
                            },
                            "schema_version": "1"
                        },
                        "tainted": false
                    },
                    "deposed": [],
                    "provider": "provider.aws"
                },
                "aws_subnet.private1": {
                    "type": "aws_subnet",
                    "depends_on": [
                        "aws_vpc.student-vpc"
                    ],
                    "primary": {
                        "id": "subnet-0ece119a3fbead7b7",
                        "attributes": {
                            "arn": "arn:aws:ec2:us-east-1:973714476881:subnet/subnet-0ece119a3fbead7b7",
                            "assign_ipv6_address_on_creation": "false",
                            "availability_zone": "us-east-1a",
                            "cidr_block": "10.0.3.0/24",
                            "id": "subnet-0ece119a3fbead7b7",
                            "map_public_ip_on_launch": "false",
                            "tags.%": "1",
                            "tags.Name": "Private1",
                            "vpc_id": "vpc-03903849ff045b361"
                        },
                        "meta": {
                            "e2bfb730-ecaa-11e6-8f88-34363bc7c4c0": {
                                "create": 600000000000,
                                "delete": 600000000000
                            },
                            "schema_version": "1"
                        },
                        "tainted": false
                    },
                    "deposed": [],
                    "provider": "provider.aws"
                },
                "aws_subnet.private2": {
                    "type": "aws_subnet",
                    "depends_on": [
                        "aws_vpc.student-vpc"
                    ],
                    "primary": {
                        "id": "subnet-01df24fc82bd1dc4a",
                        "attributes": {
                            "arn": "arn:aws:ec2:us-east-1:973714476881:subnet/subnet-01df24fc82bd1dc4a",
                            "assign_ipv6_address_on_creation": "false",
                            "availability_zone": "us-east-1b",
                            "cidr_block": "10.0.4.0/24",
                            "id": "subnet-01df24fc82bd1dc4a",
                            "map_public_ip_on_launch": "false",
                            "tags.%": "1",
                            "tags.Name": "Private2",
                            "vpc_id": "vpc-03903849ff045b361"
                        },
                        "meta": {
                            "e2bfb730-ecaa-11e6-8f88-34363bc7c4c0": {
                                "create": 600000000000,
                                "delete": 600000000000
                            },
                            "schema_version": "1"
                        },
                        "tainted": false
                    },
                    "deposed": [],
                    "provider": "provider.aws"
                },
                "aws_subnet.public1": {
                    "type": "aws_subnet",
                    "depends_on": [
                        "aws_vpc.student-vpc"
                    ],
                    "primary": {
                        "id": "subnet-0c929c1d58a2a1a03",
                        "attributes": {
                            "arn": "arn:aws:ec2:us-east-1:973714476881:subnet/subnet-0c929c1d58a2a1a03",
                            "assign_ipv6_address_on_creation": "false",
                            "availability_zone": "us-east-1a",
                            "cidr_block": "10.0.1.0/24",
                            "id": "subnet-0c929c1d58a2a1a03",
                            "map_public_ip_on_launch": "true",
                            "tags.%": "1",
                            "tags.Name": "Public1",
                            "vpc_id": "vpc-03903849ff045b361"
                        },
                        "meta": {
                            "e2bfb730-ecaa-11e6-8f88-34363bc7c4c0": {
                                "create": 600000000000,
                                "delete": 600000000000
                            },
                            "schema_version": "1"
                        },
                        "tainted": false
                    },
                    "deposed": [],
                    "provider": "provider.aws"
                },
                "aws_subnet.public2": {
                    "type": "aws_subnet",
                    "depends_on": [
                        "aws_vpc.student-vpc"
                    ],
                    "primary": {
                        "id": "subnet-07ae3fb36bda9078d",
                        "attributes": {
                            "arn": "arn:aws:ec2:us-east-1:973714476881:subnet/subnet-07ae3fb36bda9078d",
                            "assign_ipv6_address_on_creation": "false",
                            "availability_zone": "us-east-1b",
                            "cidr_block": "10.0.2.0/24",
                            "id": "subnet-07ae3fb36bda9078d",
                            "map_public_ip_on_launch": "true",
                            "tags.%": "1",
                            "tags.Name": "Public2",
                            "vpc_id": "vpc-03903849ff045b361"
                        },
                        "meta": {
                            "e2bfb730-ecaa-11e6-8f88-34363bc7c4c0": {
                                "create": 600000000000,
                                "delete": 600000000000
                            },
                            "schema_version": "1"
                        },
                        "tainted": false
                    },
                    "deposed": [],
                    "provider": "provider.aws"
                },
                "aws_vpc.student-vpc": {
                    "type": "aws_vpc",
                    "depends_on": [],
                    "primary": {
                        "id": "vpc-03903849ff045b361",
                        "attributes": {
                            "arn": "arn:aws:ec2:us-east-1:973714476881:vpc/vpc-03903849ff045b361",
                            "assign_generated_ipv6_cidr_block": "false",
                            "cidr_block": "10.0.0.0/16",
                            "default_network_acl_id": "acl-0399648b99d5a7445",
                            "default_route_table_id": "rtb-0b51937f3d1201497",
                            "default_security_group_id": "sg-0dc0f70b93001d13e",
                            "dhcp_options_id": "dopt-f5982c8c",
                            "enable_classiclink": "false",
                            "enable_classiclink_dns_support": "false",
                            "enable_dns_hostnames": "false",
                            "enable_dns_support": "true",
                            "id": "vpc-03903849ff045b361",
                            "instance_tenancy": "default",
                            "ipv6_association_id": "",
                            "ipv6_cidr_block": "",
                            "main_route_table_id": "rtb-0b51937f3d1201497",
                            "tags.%": "1",
                            "tags.Name": "Student-VPC"
                        },
                        "meta": {
                            "schema_version": "1"
                        },
                        "tainted": false
                    },
                    "deposed": [],
                    "provider": "provider.aws"
                }
            },
            "depends_on": []
        }
    ]
}
