{
    "version": 3,
    "terraform_version": "0.11.10",
    "serial": 4,
    "lineage": "413f3226-17ca-3f78-7db5-a19d856b18c8",
    "modules": [
        {
            "path": [
                "root"
            ],
            "outputs": {
                "config_map_aws_auth": {
                    "sensitive": false,
                    "type": "string",
                    "value": "\n\napiVersion: v1\nkind: ConfigMap\nmetadata:\n  name: aws-auth\n  namespace: kube-system\ndata:\n  mapRoles: |\n    - rolearn: arn:aws:iam::973714476881:role/terraform-eks-demo-node\n      username: system:node:{{EC2PrivateDNSName}}\n      groups:\n        - system:bootstrappers\n        - system:nodes\n"
                }
            },
            "resources": {
                "aws_autoscaling_group.demo": {
                    "type": "aws_autoscaling_group",
                    "depends_on": [
                        "aws_launch_configuration.demo",
                        "aws_subnet.demo.*"
                    ],
                    "primary": {
                        "id": "terraform-eks-demo",
                        "attributes": {
                            "arn": "arn:aws:autoscaling:us-east-1:973714476881:autoScalingGroup:954c5da6-49d7-405a-b58a-da6f75558736:autoScalingGroupName/terraform-eks-demo",
                            "availability_zones.#": "2",
                            "availability_zones.1305112097": "us-east-1b",
                            "availability_zones.3569565595": "us-east-1a",
                            "default_cooldown": "300",
                            "desired_capacity": "2",
                            "enabled_metrics.#": "0",
                            "force_delete": "false",
                            "health_check_grace_period": "300",
                            "health_check_type": "EC2",
                            "id": "terraform-eks-demo",
                            "launch_configuration": "terraform-eks-demo20181212010112246100000006",
                            "launch_template.#": "0",
                            "load_balancers.#": "0",
                            "max_size": "2",
                            "metrics_granularity": "1Minute",
                            "min_size": "1",
                            "mixed_instances_policy.#": "0",
                            "name": "terraform-eks-demo",
                            "placement_group": "",
                            "protect_from_scale_in": "false",
                            "service_linked_role_arn": "arn:aws:iam::973714476881:role/aws-service-role/autoscaling.amazonaws.com/AWSServiceRoleForAutoScaling",
                            "suspended_processes.#": "0",
                            "tag.#": "2",
                            "tag.1140936414.key": "kubernetes.io/cluster/ekscluster",
                            "tag.1140936414.propagate_at_launch": "true",
                            "tag.1140936414.value": "owned",
                            "tag.4079220990.key": "Name",
                            "tag.4079220990.propagate_at_launch": "true",
                            "tag.4079220990.value": "terraform-eks-demo",
                            "target_group_arns.#": "0",
                            "termination_policies.#": "0",
                            "vpc_zone_identifier.#": "2",
                            "vpc_zone_identifier.2291932332": "subnet-0d420f82656fd64d5",
                            "vpc_zone_identifier.4146770035": "subnet-03246ff35f36cc327",
                            "wait_for_capacity_timeout": "10m"
                        },
                        "meta": {
                            "e2bfb730-ecaa-11e6-8f88-34363bc7c4c0": {
                                "delete": 600000000000
                            }
                        },
                        "tainted": false
                    },
                    "deposed": [],
                    "provider": "provider.aws"
                },
                "aws_eks_cluster.demo": {
                    "type": "aws_eks_cluster",
                    "depends_on": [
                        "aws_iam_role.demo-cluster",
                        "aws_iam_role_policy_attachment.demo-cluster-AmazonEKSClusterPolicy",
                        "aws_iam_role_policy_attachment.demo-cluster-AmazonEKSServicePolicy",
                        "aws_security_group.demo-cluster",
                        "aws_subnet.demo.*"
                    ],
                    "primary": {
                        "id": "ekscluster",
                        "attributes": {
                            "arn": "arn:aws:eks:us-east-1:973714476881:cluster/ekscluster",
                            "certificate_authority.#": "1",
                            "certificate_authority.0.data": "LS0tLS1CRUdJTiBDRVJUSUZJQ0FURS0tLS0tCk1JSUN5RENDQWJDZ0F3SUJBZ0lCQURBTkJna3Foa2lHOXcwQkFRc0ZBREFWTVJNd0VRWURWUVFERXdwcmRXSmwKY201bGRHVnpNQjRYRFRFNE1USXhNakF3TlRreU5sb1hEVEk0TVRJd09UQXdOVGt5Tmxvd0ZURVRNQkVHQTFVRQpBeE1LYTNWaVpYSnVaWFJsY3pDQ0FTSXdEUVlKS29aSWh2Y05BUUVCQlFBRGdnRVBBRENDQVFvQ2dnRUJBT3d4CjJzbVAxeDEyaSt6cmxSaFlFNUNqTlVpcE8vdTNKZmZTNmdZbndaeEtiNWpweFVYV0xMbUl4VlFYQldQMm51dTcKbXMzd3AzSVZPRU5Lem0rR1VnVURxS2JURGMzemwrNzlZSzFJcGltTDRPdVZqbUpmOHNHWGIwZ2VZOFNtd29UMQpqbk9acTk1K1dMbWRZQVlmei8vQnB5VHZBdVZqRWhUYlAwZE9NNUZMbW1ZcG5ETmNjSDNNQzNoVUZGWG5PaE8yCjh3NElacjhYdmFsVXVFT2xWRTJvemtjQnVkSEhReUVRalRVM3RjOGVCaHdqVjdlME56NERhSjVSdVBZQjBFSHEKRUhLbTlXZlJXdGxNbmFBYUw4cDNRYlNtekdkSmErTmJEaEVaQlhtVkNaR1R4T0tWaHltZWNjNUdXS0ovaXA3NwpCdUdlRFUwRXhQVjhzSTZSbUFFQ0F3RUFBYU1qTUNFd0RnWURWUjBQQVFIL0JBUURBZ0trTUE4R0ExVWRFd0VCCi93UUZNQU1CQWY4d0RRWUpLb1pJaHZjTkFRRUxCUUFEZ2dFQkFKOWRucWJKWTlVL1QrVFVIM0E1Rk1BSzNrQ1QKZTl4b0IxZGhSdkd0OG5aaHVUUmFTMThJQ25HNWVtNVY1dlNabmVZenpCSjFnb3JMV1BocHBLMkFTYk1pOGJIRwpMWnp6VU9MeEViVU9Sc3lVMVdwYWdZSFo4NndOd3M3U0dZZkQvZ1AyTG5LbExKMG55ZDBnQzJyeHYvVWNaV0ZXCmFUK053MzFkUEhSSmdmckk3VjNMcW82N0IvYWtMWUZmQTdLV3RzZWhwbnNScTF2RzhZK1lXTlJGVnl4Wkw4RmoKc0xESG1KYWV2dHRubTBESmNBUUxNWWFuYUVkUEI0OFBZdEtRWjB5ZFlNUlQ2ZlBBM0w1a0F6Y3E2QlB1NUFZYwoyU0VwZS9yYU1xTGlFM2FTUjh0VllUeWlobnk5SnlNUVFSL1J0c0QyTVJDVmNLOENTNWMwWUNKNXdTST0KLS0tLS1FTkQgQ0VSVElGSUNBVEUtLS0tLQo=",
                            "created_at": "2018-12-12 00:51:57 +0000 UTC",
                            "endpoint": "https://7504AD5D5A8BCB39AFD3333D9896EEC6.sk1.us-east-1.eks.amazonaws.com",
                            "id": "ekscluster",
                            "name": "ekscluster",
                            "platform_version": "eks.3",
                            "role_arn": "arn:aws:iam::973714476881:role/terraform-eks-demo-cluster",
                            "version": "1.10",
                            "vpc_config.#": "1",
                            "vpc_config.0.security_group_ids.#": "1",
                            "vpc_config.0.security_group_ids.425539413": "sg-09bdeda81ea3e13d5",
                            "vpc_config.0.subnet_ids.#": "2",
                            "vpc_config.0.subnet_ids.2867989663": "subnet-03246ff35f36cc327",
                            "vpc_config.0.subnet_ids.3168892278": "subnet-0d420f82656fd64d5",
                            "vpc_config.0.vpc_id": "vpc-0eb176bd6adfcc498"
                        },
                        "meta": {
                            "e2bfb730-ecaa-11e6-8f88-34363bc7c4c0": {
                                "create": 900000000000,
                                "delete": 900000000000
                            }
                        },
                        "tainted": false
                    },
                    "deposed": [],
                    "provider": "provider.aws"
                },
                "aws_iam_instance_profile.demo-node": {
                    "type": "aws_iam_instance_profile",
                    "depends_on": [
                        "aws_iam_role.demo-node"
                    ],
                    "primary": {
                        "id": "terraform-eks-demo",
                        "attributes": {
                            "arn": "arn:aws:iam::973714476881:instance-profile/terraform-eks-demo",
                            "create_date": "2018-12-12T00:51:44Z",
                            "id": "terraform-eks-demo",
                            "name": "terraform-eks-demo",
                            "path": "/",
                            "role": "terraform-eks-demo-node",
                            "roles.#": "0",
                            "unique_id": "AIPAIYOZXD4V347VY7EOI"
                        },
                        "meta": {},
                        "tainted": false
                    },
                    "deposed": [],
                    "provider": "provider.aws"
                },
                "aws_iam_role.demo-cluster": {
                    "type": "aws_iam_role",
                    "depends_on": [],
                    "primary": {
                        "id": "terraform-eks-demo-cluster",
                        "attributes": {
                            "arn": "arn:aws:iam::973714476881:role/terraform-eks-demo-cluster",
                            "assume_role_policy": "{\"Version\":\"2012-10-17\",\"Statement\":[{\"Effect\":\"Allow\",\"Principal\":{\"Service\":\"eks.amazonaws.com\"},\"Action\":\"sts:AssumeRole\"}]}",
                            "create_date": "2018-12-12T00:51:44Z",
                            "description": "",
                            "force_detach_policies": "false",
                            "id": "terraform-eks-demo-cluster",
                            "max_session_duration": "3600",
                            "name": "terraform-eks-demo-cluster",
                            "path": "/",
                            "tags.%": "0",
                            "unique_id": "AROAJ42DB3N3MKXHAP3UK"
                        },
                        "meta": {},
                        "tainted": false
                    },
                    "deposed": [],
                    "provider": "provider.aws"
                },
                "aws_iam_role.demo-node": {
                    "type": "aws_iam_role",
                    "depends_on": [],
                    "primary": {
                        "id": "terraform-eks-demo-node",
                        "attributes": {
                            "arn": "arn:aws:iam::973714476881:role/terraform-eks-demo-node",
                            "assume_role_policy": "{\"Version\":\"2012-10-17\",\"Statement\":[{\"Effect\":\"Allow\",\"Principal\":{\"Service\":\"ec2.amazonaws.com\"},\"Action\":\"sts:AssumeRole\"}]}",
                            "create_date": "2018-12-12T00:51:44Z",
                            "description": "",
                            "force_detach_policies": "false",
                            "id": "terraform-eks-demo-node",
                            "max_session_duration": "3600",
                            "name": "terraform-eks-demo-node",
                            "path": "/",
                            "tags.%": "0",
                            "unique_id": "AROAI7OQINRTPDEE62VD6"
                        },
                        "meta": {},
                        "tainted": false
                    },
                    "deposed": [],
                    "provider": "provider.aws"
                },
                "aws_iam_role_policy_attachment.demo-cluster-AmazonEKSClusterPolicy": {
                    "type": "aws_iam_role_policy_attachment",
                    "depends_on": [
                        "aws_iam_role.demo-cluster"
                    ],
                    "primary": {
                        "id": "terraform-eks-demo-cluster-20181212005144817300000002",
                        "attributes": {
                            "id": "terraform-eks-demo-cluster-20181212005144817300000002",
                            "policy_arn": "arn:aws:iam::aws:policy/AmazonEKSClusterPolicy",
                            "role": "terraform-eks-demo-cluster"
                        },
                        "meta": {},
                        "tainted": false
                    },
                    "deposed": [],
                    "provider": "provider.aws"
                },
                "aws_iam_role_policy_attachment.demo-cluster-AmazonEKSServicePolicy": {
                    "type": "aws_iam_role_policy_attachment",
                    "depends_on": [
                        "aws_iam_role.demo-cluster"
                    ],
                    "primary": {
                        "id": "terraform-eks-demo-cluster-20181212005144815800000001",
                        "attributes": {
                            "id": "terraform-eks-demo-cluster-20181212005144815800000001",
                            "policy_arn": "arn:aws:iam::aws:policy/AmazonEKSServicePolicy",
                            "role": "terraform-eks-demo-cluster"
                        },
                        "meta": {},
                        "tainted": false
                    },
                    "deposed": [],
                    "provider": "provider.aws"
                },
                "aws_iam_role_policy_attachment.demo-node-AmazonEC2ContainerRegistryReadOnly": {
                    "type": "aws_iam_role_policy_attachment",
                    "depends_on": [
                        "aws_iam_role.demo-node"
                    ],
                    "primary": {
                        "id": "terraform-eks-demo-node-20181212005144821400000004",
                        "attributes": {
                            "id": "terraform-eks-demo-node-20181212005144821400000004",
                            "policy_arn": "arn:aws:iam::aws:policy/AmazonEC2ContainerRegistryReadOnly",
                            "role": "terraform-eks-demo-node"
                        },
                        "meta": {},
                        "tainted": false
                    },
                    "deposed": [],
                    "provider": "provider.aws"
                },
                "aws_iam_role_policy_attachment.demo-node-AmazonEKSWorkerNodePolicy": {
                    "type": "aws_iam_role_policy_attachment",
                    "depends_on": [
                        "aws_iam_role.demo-node"
                    ],
                    "primary": {
                        "id": "terraform-eks-demo-node-20181212005144820500000003",
                        "attributes": {
                            "id": "terraform-eks-demo-node-20181212005144820500000003",
                            "policy_arn": "arn:aws:iam::aws:policy/AmazonEKSWorkerNodePolicy",
                            "role": "terraform-eks-demo-node"
                        },
                        "meta": {},
                        "tainted": false
                    },
                    "deposed": [],
                    "provider": "provider.aws"
                },
                "aws_iam_role_policy_attachment.demo-node-AmazonEKS_CNI_Policy": {
                    "type": "aws_iam_role_policy_attachment",
                    "depends_on": [
                        "aws_iam_role.demo-node"
                    ],
                    "primary": {
                        "id": "terraform-eks-demo-node-20181212005144828800000005",
                        "attributes": {
                            "id": "terraform-eks-demo-node-20181212005144828800000005",
                            "policy_arn": "arn:aws:iam::aws:policy/AmazonEKS_CNI_Policy",
                            "role": "terraform-eks-demo-node"
                        },
                        "meta": {},
                        "tainted": false
                    },
                    "deposed": [],
                    "provider": "provider.aws"
                },
                "aws_internet_gateway.demo": {
                    "type": "aws_internet_gateway",
                    "depends_on": [
                        "aws_vpc.demo"
                    ],
                    "primary": {
                        "id": "igw-0ce0f53b7176a3c6f",
                        "attributes": {
                            "id": "igw-0ce0f53b7176a3c6f",
                            "owner_id": "973714476881",
                            "tags.%": "1",
                            "tags.Name": "terraform-eks-demo",
                            "vpc_id": "vpc-0eb176bd6adfcc498"
                        },
                        "meta": {},
                        "tainted": false
                    },
                    "deposed": [],
                    "provider": "provider.aws"
                },
                "aws_launch_configuration.demo": {
                    "type": "aws_launch_configuration",
                    "depends_on": [
                        "aws_iam_instance_profile.demo-node",
                        "aws_security_group.demo-node",
                        "data.aws_ami.eks-worker",
                        "local.demo-node-userdata"
                    ],
                    "primary": {
                        "id": "terraform-eks-demo20181212010112246100000006",
                        "attributes": {
                            "associate_public_ip_address": "true",
                            "ebs_block_device.#": "0",
                            "ebs_optimized": "false",
                            "enable_monitoring": "true",
                            "ephemeral_block_device.#": "0",
                            "iam_instance_profile": "terraform-eks-demo",
                            "id": "terraform-eks-demo20181212010112246100000006",
                            "image_id": "ami-0a0b913ef3249b655",
                            "instance_type": "m4.large",
                            "key_name": "",
                            "name": "terraform-eks-demo20181212010112246100000006",
                            "name_prefix": "terraform-eks-demo",
                            "root_block_device.#": "0",
                            "security_groups.#": "1",
                            "security_groups.3986880031": "sg-06665548c5246b6d2",
                            "spot_price": "",
                            "user_data_base64": "IyEvYmluL2Jhc2gKc2V0IC1vIHh0cmFjZQovZXRjL2Vrcy9ib290c3RyYXAuc2ggLS1hcGlzZXJ2ZXItZW5kcG9pbnQgJ2h0dHBzOi8vNzUwNEFENUQ1QThCQ0IzOUFGRDMzMzNEOTg5NkVFQzYuc2sxLnVzLWVhc3QtMS5la3MuYW1hem9uYXdzLmNvbScgLS1iNjQtY2x1c3Rlci1jYSAnTFMwdExTMUNSVWRKVGlCRFJWSlVTVVpKUTBGVVJTMHRMUzB0Q2sxSlNVTjVSRU5EUVdKRFowRjNTVUpCWjBsQ1FVUkJUa0puYTNGb2EybEhPWGN3UWtGUmMwWkJSRUZXVFZKTmQwVlJXVVJXVVZGRVJYZHdjbVJYU213S1kyMDFiR1JIVm5wTlFqUllSRlJGTkUxVVNYaE5ha0YzVGxScmVVNXNiMWhFVkVrMFRWUkpkMDlVUVhkT1ZHdDVUbXh2ZDBaVVJWUk5Ra1ZIUVRGVlJRcEJlRTFMWVROV2FWcFlTblZhV0ZKc1kzcERRMEZUU1hkRVVWbEtTMjlhU1doMlkwNUJVVVZDUWxGQlJHZG5SVkJCUkVORFFWRnZRMmRuUlVKQlQzZDRDakp6YlZBeGVERXlhU3Q2Y214U2FGbEZOVU5xVGxWcGNFOHZkVE5LWm1aVE5tZFpibmRhZUV0aU5XcHdlRlZZVjB4TWJVbDRWbEZZUWxkUU1tNTFkVGNLYlhNemQzQXpTVlpQUlU1TGVtMHJSMVZuVlVSeFMySlVSR016ZW13ck56bFpTekZKY0dsdFREUlBkVlpxYlVwbU9ITkhXR0l3WjJWWk9GTnRkMjlVTVFwcWJrOWFjVGsxSzFkTWJXUlpRVmxtZWk4dlFuQjVWSFpCZFZacVJXaFVZbEF3WkU5Tk5VWk1iVzFaY0c1RVRtTmpTRE5OUXpOb1ZVWkdXRzVQYUU4eUNqaDNORWxhY2poWWRtRnNWWFZGVDJ4V1JUSnZlbXRqUW5Wa1NFaFJlVVZSYWxSVk0zUmpPR1ZDYUhkcVZqZGxNRTU2TkVSaFNqVlNkVkJaUWpCRlNIRUtSVWhMYlRsWFpsSlhkR3hOYm1GQllVdzRjRE5SWWxOdGVrZGtTbUVyVG1KRWFFVmFRbGh0VmtOYVIxUjRUMHRXYUhsdFpXTmpOVWRYUzBvdmFYQTNOd3BDZFVkbFJGVXdSWGhRVmpoelNUWlNiVUZGUTBGM1JVRkJZVTFxVFVORmQwUm5XVVJXVWpCUVFWRklMMEpCVVVSQlowdHJUVUU0UjBFeFZXUkZkMFZDQ2k5M1VVWk5RVTFDUVdZNGQwUlJXVXBMYjFwSmFIWmpUa0ZSUlV4Q1VVRkVaMmRGUWtGS09XUnVjV0pLV1RsVkwxUXJWRlZJTTBFMVJrMUJTek5yUTFRS1pUbDRiMEl4WkdoU2RrZDBPRzVhYUhWVVVtRlRNVGhKUTI1SE5XVnROVlkxZGxOYWJtVlplbnBDU2pGbmIzSk1WMUJvY0hCTE1rRlRZazFwT0dKSVJ3cE1XbnA2VlU5TWVFVmlWVTlTYzNsVk1WZHdZV2RaU0ZvNE5uZE9kM00zVTBkWlprUXZaMUF5VEc1TGJFeEtNRzU1WkRCblF6SnllSFl2VldOYVYwWlhDbUZVSzA1M016RmtVRWhTU21kbWNrazNWak5NY1c4Mk4wSXZZV3RNV1VabVFUZExWM1J6Wldod2JuTlNjVEYyUnpoWksxbFhUbEpHVm5sNFdrdzRSbW9LYzB4RVNHMUtZV1YyZEhSdWJUQkVTbU5CVVV4TldXRnVZVVZrVUVJME9GQlpkRXRSV2pCNVpGbE5VbFEyWmxCQk0wdzFhMEY2WTNFMlFsQjFOVUZaWXdveVUwVndaUzl5WVUxeFRHbEZNMkZUVWpoMFZsbFVlV2xvYm5rNVNubE5VVkZTTDFKMGMwUXlUVkpEVm1OTE9FTlROV013V1VOS05YZFRTVDBLTFMwdExTMUZUa1FnUTBWU1ZFbEdTVU5CVkVVdExTMHRMUW89JyAnZWtzY2x1c3RlcicK",
                            "vpc_classic_link_id": "",
                            "vpc_classic_link_security_groups.#": "0"
                        },
                        "meta": {},
                        "tainted": false
                    },
                    "deposed": [],
                    "provider": "provider.aws"
                },
                "aws_route_table.demo": {
                    "type": "aws_route_table",
                    "depends_on": [
                        "aws_internet_gateway.demo",
                        "aws_vpc.demo"
                    ],
                    "primary": {
                        "id": "rtb-0fbaedaf6c1397b1b",
                        "attributes": {
                            "id": "rtb-0fbaedaf6c1397b1b",
                            "owner_id": "973714476881",
                            "propagating_vgws.#": "0",
                            "route.#": "1",
                            "route.1956529228.cidr_block": "0.0.0.0/0",
                            "route.1956529228.egress_only_gateway_id": "",
                            "route.1956529228.gateway_id": "igw-0ce0f53b7176a3c6f",
                            "route.1956529228.instance_id": "",
                            "route.1956529228.ipv6_cidr_block": "",
                            "route.1956529228.nat_gateway_id": "",
                            "route.1956529228.network_interface_id": "",
                            "route.1956529228.transit_gateway_id": "",
                            "route.1956529228.vpc_peering_connection_id": "",
                            "tags.%": "0",
                            "vpc_id": "vpc-0eb176bd6adfcc498"
                        },
                        "meta": {},
                        "tainted": false
                    },
                    "deposed": [],
                    "provider": "provider.aws"
                },
                "aws_route_table_association.demo.0": {
                    "type": "aws_route_table_association",
                    "depends_on": [
                        "aws_route_table.demo",
                        "aws_subnet.demo.*"
                    ],
                    "primary": {
                        "id": "rtbassoc-00e61b17e22637dd4",
                        "attributes": {
                            "id": "rtbassoc-00e61b17e22637dd4",
                            "route_table_id": "rtb-0fbaedaf6c1397b1b",
                            "subnet_id": "subnet-0d420f82656fd64d5"
                        },
                        "meta": {},
                        "tainted": false
                    },
                    "deposed": [],
                    "provider": "provider.aws"
                },
                "aws_route_table_association.demo.1": {
                    "type": "aws_route_table_association",
                    "depends_on": [
                        "aws_route_table.demo",
                        "aws_subnet.demo.*"
                    ],
                    "primary": {
                        "id": "rtbassoc-0a77e8b955757b3c8",
                        "attributes": {
                            "id": "rtbassoc-0a77e8b955757b3c8",
                            "route_table_id": "rtb-0fbaedaf6c1397b1b",
                            "subnet_id": "subnet-03246ff35f36cc327"
                        },
                        "meta": {},
                        "tainted": false
                    },
                    "deposed": [],
                    "provider": "provider.aws"
                },
                "aws_security_group.demo-cluster": {
                    "type": "aws_security_group",
                    "depends_on": [
                        "aws_vpc.demo"
                    ],
                    "primary": {
                        "id": "sg-09bdeda81ea3e13d5",
                        "attributes": {
                            "arn": "arn:aws:ec2:us-east-1:973714476881:security-group/sg-09bdeda81ea3e13d5",
                            "description": "Cluster communication with worker nodes",
                            "egress.#": "1",
                            "egress.482069346.cidr_blocks.#": "1",
                            "egress.482069346.cidr_blocks.0": "0.0.0.0/0",
                            "egress.482069346.description": "",
                            "egress.482069346.from_port": "0",
                            "egress.482069346.ipv6_cidr_blocks.#": "0",
                            "egress.482069346.prefix_list_ids.#": "0",
                            "egress.482069346.protocol": "-1",
                            "egress.482069346.security_groups.#": "0",
                            "egress.482069346.self": "false",
                            "egress.482069346.to_port": "0",
                            "id": "sg-09bdeda81ea3e13d5",
                            "ingress.#": "0",
                            "name": "terraform-eks-demo-cluster",
                            "owner_id": "973714476881",
                            "revoke_rules_on_delete": "false",
                            "tags.%": "1",
                            "tags.Name": "terraform-eks-demo",
                            "vpc_id": "vpc-0eb176bd6adfcc498"
                        },
                        "meta": {
                            "e2bfb730-ecaa-11e6-8f88-34363bc7c4c0": {
                                "create": 600000000000,
                                "delete": 600000000000
                            },
                            "schema_version": "1"
                        },
                        "tainted": false
                    },
                    "deposed": [],
                    "provider": "provider.aws"
                },
                "aws_security_group.demo-node": {
                    "type": "aws_security_group",
                    "depends_on": [
                        "aws_vpc.demo"
                    ],
                    "primary": {
                        "id": "sg-06665548c5246b6d2",
                        "attributes": {
                            "arn": "arn:aws:ec2:us-east-1:973714476881:security-group/sg-06665548c5246b6d2",
                            "description": "Security group for all nodes in the cluster",
                            "egress.#": "1",
                            "egress.482069346.cidr_blocks.#": "1",
                            "egress.482069346.cidr_blocks.0": "0.0.0.0/0",
                            "egress.482069346.description": "",
                            "egress.482069346.from_port": "0",
                            "egress.482069346.ipv6_cidr_blocks.#": "0",
                            "egress.482069346.prefix_list_ids.#": "0",
                            "egress.482069346.protocol": "-1",
                            "egress.482069346.security_groups.#": "0",
                            "egress.482069346.self": "false",
                            "egress.482069346.to_port": "0",
                            "id": "sg-06665548c5246b6d2",
                            "ingress.#": "0",
                            "name": "terraform-eks-demo-node",
                            "owner_id": "973714476881",
                            "revoke_rules_on_delete": "false",
                            "tags.%": "2",
                            "tags.Name": "terraform-eks-demo-node",
                            "tags.kubernetes.io/cluster/ekscluster": "owned",
                            "vpc_id": "vpc-0eb176bd6adfcc498"
                        },
                        "meta": {
                            "e2bfb730-ecaa-11e6-8f88-34363bc7c4c0": {
                                "create": 600000000000,
                                "delete": 600000000000
                            },
                            "schema_version": "1"
                        },
                        "tainted": false
                    },
                    "deposed": [],
                    "provider": "provider.aws"
                },
                "aws_security_group_rule.demo-cluster-ingress-node-https": {
                    "type": "aws_security_group_rule",
                    "depends_on": [
                        "aws_security_group.demo-cluster",
                        "aws_security_group.demo-node"
                    ],
                    "primary": {
                        "id": "sgrule-1451688526",
                        "attributes": {
                            "description": "Allow pods to communicate with the cluster API Server",
                            "from_port": "443",
                            "id": "sgrule-1451688526",
                            "protocol": "tcp",
                            "security_group_id": "sg-09bdeda81ea3e13d5",
                            "self": "false",
                            "source_security_group_id": "sg-06665548c5246b6d2",
                            "to_port": "443",
                            "type": "ingress"
                        },
                        "meta": {
                            "schema_version": "2"
                        },
                        "tainted": false
                    },
                    "deposed": [],
                    "provider": "provider.aws"
                },
                "aws_security_group_rule.demo-cluster-ingress-workstation-https": {
                    "type": "aws_security_group_rule",
                    "depends_on": [
                        "aws_security_group.demo-cluster"
                    ],
                    "primary": {
                        "id": "sgrule-2025199708",
                        "attributes": {
                            "cidr_blocks.#": "1",
                            "cidr_blocks.0": "0.0.0.0/32",
                            "description": "Allow workstation to communicate with the cluster API Server",
                            "from_port": "443",
                            "id": "sgrule-2025199708",
                            "protocol": "tcp",
                            "security_group_id": "sg-09bdeda81ea3e13d5",
                            "self": "false",
                            "to_port": "443",
                            "type": "ingress"
                        },
                        "meta": {
                            "schema_version": "2"
                        },
                        "tainted": false
                    },
                    "deposed": [],
                    "provider": "provider.aws"
                },
                "aws_security_group_rule.demo-node-ingress-cluster": {
                    "type": "aws_security_group_rule",
                    "depends_on": [
                        "aws_security_group.demo-cluster",
                        "aws_security_group.demo-node"
                    ],
                    "primary": {
                        "id": "sgrule-297779048",
                        "attributes": {
                            "description": "Allow worker Kubelets and pods to receive communication from the cluster control plane",
                            "from_port": "1025",
                            "id": "sgrule-297779048",
                            "protocol": "tcp",
                            "security_group_id": "sg-06665548c5246b6d2",
                            "self": "false",
                            "source_security_group_id": "sg-09bdeda81ea3e13d5",
                            "to_port": "65535",
                            "type": "ingress"
                        },
                        "meta": {
                            "schema_version": "2"
                        },
                        "tainted": false
                    },
                    "deposed": [],
                    "provider": "provider.aws"
                },
                "aws_security_group_rule.demo-node-ingress-self": {
                    "type": "aws_security_group_rule",
                    "depends_on": [
                        "aws_security_group.demo-node"
                    ],
                    "primary": {
                        "id": "sgrule-1039063122",
                        "attributes": {
                            "description": "Allow node to communicate with each other",
                            "from_port": "0",
                            "id": "sgrule-1039063122",
                            "protocol": "-1",
                            "security_group_id": "sg-06665548c5246b6d2",
                            "self": "false",
                            "source_security_group_id": "sg-06665548c5246b6d2",
                            "to_port": "65535",
                            "type": "ingress"
                        },
                        "meta": {
                            "schema_version": "2"
                        },
                        "tainted": false
                    },
                    "deposed": [],
                    "provider": "provider.aws"
                },
                "aws_subnet.demo.0": {
                    "type": "aws_subnet",
                    "depends_on": [
                        "aws_vpc.demo",
                        "data.aws_availability_zones.available"
                    ],
                    "primary": {
                        "id": "subnet-0d420f82656fd64d5",
                        "attributes": {
                            "arn": "arn:aws:ec2:us-east-1:973714476881:subnet/subnet-0d420f82656fd64d5",
                            "assign_ipv6_address_on_creation": "false",
                            "availability_zone": "us-east-1a",
                            "availability_zone_id": "use1-az2",
                            "cidr_block": "10.0.0.0/24",
                            "id": "subnet-0d420f82656fd64d5",
                            "ipv6_cidr_block": "",
                            "ipv6_cidr_block_association_id": "",
                            "map_public_ip_on_launch": "false",
                            "owner_id": "973714476881",
                            "tags.%": "2",
                            "tags.Name": "terraform-eks-demo-node",
                            "tags.kubernetes.io/cluster/ekscluster": "shared",
                            "vpc_id": "vpc-0eb176bd6adfcc498"
                        },
                        "meta": {
                            "e2bfb730-ecaa-11e6-8f88-34363bc7c4c0": {
                                "create": 600000000000,
                                "delete": 600000000000
                            },
                            "schema_version": "1"
                        },
                        "tainted": false
                    },
                    "deposed": [],
                    "provider": "provider.aws"
                },
                "aws_subnet.demo.1": {
                    "type": "aws_subnet",
                    "depends_on": [
                        "aws_vpc.demo",
                        "data.aws_availability_zones.available"
                    ],
                    "primary": {
                        "id": "subnet-03246ff35f36cc327",
                        "attributes": {
                            "arn": "arn:aws:ec2:us-east-1:973714476881:subnet/subnet-03246ff35f36cc327",
                            "assign_ipv6_address_on_creation": "false",
                            "availability_zone": "us-east-1b",
                            "availability_zone_id": "use1-az4",
                            "cidr_block": "10.0.1.0/24",
                            "id": "subnet-03246ff35f36cc327",
                            "ipv6_cidr_block": "",
                            "ipv6_cidr_block_association_id": "",
                            "map_public_ip_on_launch": "false",
                            "owner_id": "973714476881",
                            "tags.%": "2",
                            "tags.Name": "terraform-eks-demo-node",
                            "tags.kubernetes.io/cluster/ekscluster": "shared",
                            "vpc_id": "vpc-0eb176bd6adfcc498"
                        },
                        "meta": {
                            "e2bfb730-ecaa-11e6-8f88-34363bc7c4c0": {
                                "create": 600000000000,
                                "delete": 600000000000
                            },
                            "schema_version": "1"
                        },
                        "tainted": false
                    },
                    "deposed": [],
                    "provider": "provider.aws"
                },
                "aws_vpc.demo": {
                    "type": "aws_vpc",
                    "depends_on": [],
                    "primary": {
                        "id": "vpc-0eb176bd6adfcc498",
                        "attributes": {
                            "arn": "arn:aws:ec2:us-east-1:973714476881:vpc/vpc-0eb176bd6adfcc498",
                            "assign_generated_ipv6_cidr_block": "false",
                            "cidr_block": "10.0.0.0/22",
                            "default_network_acl_id": "acl-01a50a7b6d1439e6c",
                            "default_route_table_id": "rtb-0586fc9a61de3f8e2",
                            "default_security_group_id": "sg-0669de59adf847657",
                            "dhcp_options_id": "dopt-f5982c8c",
                            "enable_classiclink": "false",
                            "enable_classiclink_dns_support": "false",
                            "enable_dns_hostnames": "false",
                            "enable_dns_support": "true",
                            "id": "vpc-0eb176bd6adfcc498",
                            "instance_tenancy": "default",
                            "ipv6_association_id": "",
                            "ipv6_cidr_block": "",
                            "main_route_table_id": "rtb-0586fc9a61de3f8e2",
                            "owner_id": "973714476881",
                            "tags.%": "2",
                            "tags.Name": "terraform-eks-demo-node",
                            "tags.kubernetes.io/cluster/ekscluster": "shared"
                        },
                        "meta": {
                            "schema_version": "1"
                        },
                        "tainted": false
                    },
                    "deposed": [],
                    "provider": "provider.aws"
                },
                "data.aws_ami.eks-worker": {
                    "type": "aws_ami",
                    "depends_on": [],
                    "primary": {
                        "id": "ami-0a0b913ef3249b655",
                        "attributes": {
                            "architecture": "x86_64",
                            "block_device_mappings.#": "1",
                            "block_device_mappings.3798922657.device_name": "/dev/xvda",
                            "block_device_mappings.3798922657.ebs.%": "6",
                            "block_device_mappings.3798922657.ebs.delete_on_termination": "true",
                            "block_device_mappings.3798922657.ebs.encrypted": "false",
                            "block_device_mappings.3798922657.ebs.iops": "0",
                            "block_device_mappings.3798922657.ebs.snapshot_id": "snap-057d422c87a9a0c55",
                            "block_device_mappings.3798922657.ebs.volume_size": "20",
                            "block_device_mappings.3798922657.ebs.volume_type": "gp2",
                            "block_device_mappings.3798922657.no_device": "",
                            "block_device_mappings.3798922657.virtual_name": "",
                            "creation_date": "2018-10-23T20:50:35.000Z",
                            "description": "EKS Kubernetes Worker AMI with AmazonLinux2 image",
                            "filter.#": "1",
                            "filter.249857641.name": "name",
                            "filter.249857641.values.#": "1",
                            "filter.249857641.values.0": "amazon-eks-node-v*",
                            "hypervisor": "xen",
                            "id": "ami-0a0b913ef3249b655",
                            "image_id": "ami-0a0b913ef3249b655",
                            "image_location": "602401143452/amazon-eks-node-v25",
                            "image_type": "machine",
                            "most_recent": "true",
                            "name": "amazon-eks-node-v25",
                            "owner_id": "602401143452",
                            "owners.#": "1",
                            "owners.0": "602401143452",
                            "product_codes.#": "0",
                            "public": "true",
                            "root_device_name": "/dev/xvda",
                            "root_device_type": "ebs",
                            "root_snapshot_id": "snap-057d422c87a9a0c55",
                            "sriov_net_support": "simple",
                            "state": "available",
                            "state_reason.%": "2",
                            "state_reason.code": "UNSET",
                            "state_reason.message": "UNSET",
                            "tags.%": "0",
                            "virtualization_type": "hvm"
                        },
                        "meta": {},
                        "tainted": false
                    },
                    "deposed": [],
                    "provider": "provider.aws"
                },
                "data.aws_availability_zones.available": {
                    "type": "aws_availability_zones",
                    "depends_on": [],
                    "primary": {
                        "id": "2018-12-12 00:51:44.318611408 +0000 UTC",
                        "attributes": {
                            "id": "2018-12-12 00:51:44.318611408 +0000 UTC",
                            "names.#": "6",
                            "names.0": "us-east-1a",
                            "names.1": "us-east-1b",
                            "names.2": "us-east-1c",
                            "names.3": "us-east-1d",
                            "names.4": "us-east-1e",
                            "names.5": "us-east-1f",
                            "zone_ids.#": "6",
                            "zone_ids.0": "use1-az2",
                            "zone_ids.1": "use1-az4",
                            "zone_ids.2": "use1-az6",
                            "zone_ids.3": "use1-az1",
                            "zone_ids.4": "use1-az3",
                            "zone_ids.5": "use1-az5"
                        },
                        "meta": {},
                        "tainted": false
                    },
                    "deposed": [],
                    "provider": "provider.aws"
                },
                "data.aws_region.current": {
                    "type": "aws_region",
                    "depends_on": [],
                    "primary": {
                        "id": "us-east-1",
                        "attributes": {
                            "current": "true",
                            "description": "US East (N. Virginia)",
                            "endpoint": "ec2.us-east-1.amazonaws.com",
                            "id": "us-east-1",
                            "name": "us-east-1"
                        },
                        "meta": {},
                        "tainted": false
                    },
                    "deposed": [],
                    "provider": "provider.aws"
                }
            },
            "depends_on": []
        }
    ]
}
