{
    "version": 3,
    "terraform_version": "0.11.10",
    "serial": 4,
    "lineage": "97a39ffb-c84d-3b53-f39a-2d5d7982350e",
    "modules": [
        {
            "path": [
                "root"
            ],
            "outputs": {},
            "resources": {},
            "depends_on": []
        },
        {
            "path": [
                "root",
                "subnet"
            ],
            "outputs": {},
            "resources": {
                "aws_subnet.main": {
                    "type": "aws_subnet",
                    "depends_on": [],
                    "primary": {
                        "id": "subnet-064fed869aecd84cd",
                        "attributes": {
                            "arn": "arn:aws:ec2:us-east-1:973714476881:subnet/subnet-064fed869aecd84cd",
                            "assign_ipv6_address_on_creation": "false",
                            "availability_zone": "us-east-1d",
                            "cidr_block": "10.20.1.0/24",
                            "id": "subnet-064fed869aecd84cd",
                            "map_public_ip_on_launch": "false",
                            "tags.%": "1",
                            "tags.Name": "Main",
                            "vpc_id": "vpc-05ca8648d0f9bfe8b"
                        },
                        "meta": {
                            "e2bfb730-ecaa-11e6-8f88-34363bc7c4c0": {
                                "create": 600000000000,
                                "delete": 600000000000
                            },
                            "schema_version": "1"
                        },
                        "tainted": false
                    },
                    "deposed": [],
                    "provider": "provider.aws"
                }
            },
            "depends_on": []
        },
        {
            "path": [
                "root",
                "vpc"
            ],
            "outputs": {
                "vpcid": {
                    "sensitive": false,
                    "type": "string",
                    "value": "vpc-05ca8648d0f9bfe8b"
                }
            },
            "resources": {
                "aws_vpc.main": {
                    "type": "aws_vpc",
                    "depends_on": [],
                    "primary": {
                        "id": "vpc-05ca8648d0f9bfe8b",
                        "attributes": {
                            "arn": "arn:aws:ec2:us-east-1:973714476881:vpc/vpc-05ca8648d0f9bfe8b",
                            "assign_generated_ipv6_cidr_block": "false",
                            "cidr_block": "10.20.0.0/16",
                            "default_network_acl_id": "acl-0055651a05ea5dab6",
                            "default_route_table_id": "rtb-06309b3f97b010d9e",
                            "default_security_group_id": "sg-0ddd2b3e534bc52da",
                            "dhcp_options_id": "dopt-f5982c8c",
                            "enable_classiclink": "false",
                            "enable_classiclink_dns_support": "false",
                            "enable_dns_hostnames": "false",
                            "enable_dns_support": "true",
                            "id": "vpc-05ca8648d0f9bfe8b",
                            "instance_tenancy": "default",
                            "ipv6_association_id": "",
                            "ipv6_cidr_block": "",
                            "main_route_table_id": "rtb-06309b3f97b010d9e",
                            "tags.%": "1",
                            "tags.Name": "main"
                        },
                        "meta": {
                            "schema_version": "1"
                        },
                        "tainted": false
                    },
                    "deposed": [],
                    "provider": "provider.aws"
                }
            },
            "depends_on": []
        }
    ]
}
